<?xml version="1.0" encoding="utf-8"?>
<Project ToolsVersion="4.0" xmlns="http://schemas.microsoft.com/developer/msbuild/2003">
  <ItemGroup>
    <FxCompile Include="PixelShader.hlsl">
      <Filter>Shaders</Filter>
    </FxCompile>
    <FxCompile Include="VertexShader.hlsl">
      <Filter>Shaders</Filter>
    </FxCompile>
    <FxCompile Include="GeometryShader.hlsl">
      <Filter>Shaders</Filter>
    </FxCompile>
  </ItemGroup>
  <ItemGroup>
    <ClCompile Include="main.cpp">
      <Filter>Resource</Filter>
    </ClCompile>
    <ClCompile Include="Render.cpp">
      <Filter>Resource</Filter>
    </ClCompile>
    <ClCompile Include="Game.cpp">
      <Filter>Resource</Filter>
    </ClCompile>
    <ClCompile Include="Input.cpp">
      <Filter>Resource</Filter>
    </ClCompile>
    <ClCompile Include="Logic.cpp">
      <Filter>Resource</Filter>
    </ClCompile>
    <ClCompile Include="Model.cpp">
      <Filter>Classes\Model</Filter>
    </ClCompile>
    <ClCompile Include="Camera.cpp">
      <Filter>Classes\Camera</Filter>
    </ClCompile>
    <ClCompile Include="Engine.cpp">
      <Filter>Classes\Engine</Filter>
    </ClCompile>
    <ClCompile Include="Light.cpp">
      <Filter>Classes\Light</Filter>
    </ClCompile>
    <ClCompile Include="Material.cpp">
      <Filter>Classes\Light</Filter>
    </ClCompile>
    <ClCompile Include="windowInit.cpp">
      <Filter>Classes\Window</Filter>
    </ClCompile>
    <ClCompile Include="Cube.cpp">
      <Filter>Classes\Model\Cube</Filter>
    </ClCompile>
    <ClCompile Include="Pyramid.cpp">
      <Filter>Classes\Model\Pyramid</Filter>
    </ClCompile>
    <ClCompile Include="Plane.cpp">
      <Filter>Classes\Model\Plane</Filter>
    </ClCompile>
  </ItemGroup>
  <ItemGroup>
    <ClInclude Include="Constants.h">
      <Filter>Headers</Filter>
    </ClInclude>
    <ClInclude Include="DataTypes.h">
      <Filter>Headers</Filter>
    </ClInclude>
    <ClInclude Include="Linker.h">
      <Filter>Headers</Filter>
    </ClInclude>
    <ClInclude Include="Model.h">
      <Filter>Classes\Model</Filter>
    </ClInclude>
    <ClInclude Include="Camera.h">
      <Filter>Classes\Camera</Filter>
    </ClInclude>
    <ClInclude Include="Engine.h">
      <Filter>Classes\Engine</Filter>
    </ClInclude>
    <ClInclude Include="Light.h">
      <Filter>Classes\Light</Filter>
    </ClInclude>
    <ClInclude Include="Material.h">
      <Filter>Classes\Light</Filter>
    </ClInclude>
    <ClInclude Include="windowInit.h">
      <Filter>Classes\Window</Filter>
    </ClInclude>
    <ClInclude Include="Cube.h">
      <Filter>Classes\Model\Cube</Filter>
    </ClInclude>
    <ClInclude Include="Pyramid.h">
      <Filter>Classes\Model\Pyramid</Filter>
    </ClInclude>
    <ClInclude Include="Plane.h">
      <Filter>Classes\Model\Plane</Filter>
    </ClInclude>
    <ClInclude Include="Input.h" />
  </ItemGroup>
  <ItemGroup>
    <Filter Include="Classes">
      <UniqueIdentifier>{d27945d2-7119-4b2f-a4cd-5701ab015c2b}</UniqueIdentifier>
    </Filter>
    <Filter Include="Shaders">
      <UniqueIdentifier>{3a6c2099-8bfa-42a0-bec1-af9e6d7a0ccf}</UniqueIdentifier>
    </Filter>
    <Filter Include="Headers">
      <UniqueIdentifier>{09f4acec-5ec0-4ccd-8c70-f5fdc359a320}</UniqueIdentifier>
    </Filter>
    <Filter Include="Resource">
      <UniqueIdentifier>{8f65f1c2-2632-4f79-9940-df278f533c93}</UniqueIdentifier>
    </Filter>
    <Filter Include="Classes\Camera">
      <UniqueIdentifier>{95a7ad41-e049-47bf-9be8-552904ae5675}</UniqueIdentifier>
    </Filter>
    <Filter Include="Classes\Model">
      <UniqueIdentifier>{bd54e66f-47e9-4ee5-8f23-1a2be192bec2}</UniqueIdentifier>
    </Filter>
    <Filter Include="Classes\Engine">
      <UniqueIdentifier>{830ec384-91be-47d1-9821-b90238c605c9}</UniqueIdentifier>
    </Filter>
    <Filter Include="Classes\Light">
      <UniqueIdentifier>{14bd8916-604b-4a57-9432-92f361e0d90c}</UniqueIdentifier>
    </Filter>
    <Filter Include="Classes\Window">
      <UniqueIdentifier>{25321fef-b073-4319-bcc3-23d2ba057f1e}</UniqueIdentifier>
    </Filter>
    <Filter Include="Classes\Model\Cube">
      <UniqueIdentifier>{f03dc245-27f5-4db7-87eb-772007861b33}</UniqueIdentifier>
    </Filter>
    <Filter Include="Classes\Model\Pyramid">
      <UniqueIdentifier>{1f78ccc0-771d-4c93-94e9-9024cc525827}</UniqueIdentifier>
    </Filter>
    <Filter Include="Classes\Model\Plane">
      <UniqueIdentifier>{28827010-3dc8-4a00-a165-1cee1a79734e}</UniqueIdentifier>
    </Filter>
  </ItemGroup>
</Project>