<?xml version="1.0" encoding="utf-8"?>
<Project ToolsVersion="4.0" xmlns="http://schemas.microsoft.com/developer/msbuild/2003">
  <ItemGroup>
    <FxCompile Include="GeometryShaderColor.hlsl">
      <Filter>Shaders\ColorShaders</Filter>
    </FxCompile>
    <FxCompile Include="PixelShaderColor.hlsl">
      <Filter>Shaders\ColorShaders</Filter>
    </FxCompile>
    <FxCompile Include="VertexShaderColor.hlsl">
      <Filter>Shaders\ColorShaders</Filter>
    </FxCompile>
    <FxCompile Include="VertexShaderTexture.hlsl">
      <Filter>Shaders\TextureShaders</Filter>
    </FxCompile>
    <FxCompile Include="GeometryShaderTexture.hlsl">
      <Filter>Shaders\TextureShaders</Filter>
    </FxCompile>
    <FxCompile Include="PixelShaderTexture.hlsl">
      <Filter>Shaders\TextureShaders</Filter>
    </FxCompile>
    <FxCompile Include="PixelShaderSky.hlsl">
      <Filter>Shaders\SkyBox shaders</Filter>
    </FxCompile>
    <FxCompile Include="VertexShaderSky.hlsl">
      <Filter>Shaders\SkyBox shaders</Filter>
    </FxCompile>
    <FxCompile Include="GeometryShaderSky.hlsl">
      <Filter>Shaders\SkyBox shaders</Filter>
    </FxCompile>
    <FxCompile Include="GeometryShaderCubeMap.hlsl">
      <Filter>Shaders\DynamicCubeMap Shaders</Filter>
    </FxCompile>
    <FxCompile Include="PixelShaderCubeMap.hlsl">
      <Filter>Shaders\DynamicCubeMap Shaders</Filter>
    </FxCompile>
    <FxCompile Include="VertexShaderCubeMap.hlsl">
      <Filter>Shaders\DynamicCubeMap Shaders</Filter>
    </FxCompile>
    <FxCompile Include="PixelShaderTerrain.hlsl">
      <Filter>Shaders\TerrainShaders</Filter>
    </FxCompile>
    <FxCompile Include="VertexShaderTerrain.hlsl">
      <Filter>Shaders\TerrainShaders</Filter>
    </FxCompile>
    <FxCompile Include="GeometryShaderTerrain.hlsl">
      <Filter>Shaders\TerrainShaders</Filter>
    </FxCompile>
    <FxCompile Include="PixelShaderOverlay.hlsl">
      <Filter>Shaders\Overlay Shaders</Filter>
    </FxCompile>
    <FxCompile Include="VertexShaderOverlay.hlsl">
      <Filter>Shaders\Overlay Shaders</Filter>
    </FxCompile>
    <FxCompile Include="GeometryShaderOverlay.hlsl">
      <Filter>Shaders\Overlay Shaders</Filter>
    </FxCompile>
    <FxCompile Include="GeometryShaderAnimation.hlsl">
      <Filter>Shaders\AnimationShaders</Filter>
    </FxCompile>
    <FxCompile Include="PixelShaderAnimation.hlsl">
      <Filter>Shaders\AnimationShaders</Filter>
    </FxCompile>
    <FxCompile Include="VertexShaderAnimation.hlsl">
      <Filter>Shaders\AnimationShaders</Filter>
    </FxCompile>
  </ItemGroup>
  <ItemGroup>
    <ClCompile Include="main.cpp">
      <Filter>Resource</Filter>
    </ClCompile>
    <ClCompile Include="Render.cpp">
      <Filter>Resource</Filter>
    </ClCompile>
    <ClCompile Include="Game.cpp">
      <Filter>Resource</Filter>
    </ClCompile>
    <ClCompile Include="Logic.cpp">
      <Filter>Resource</Filter>
    </ClCompile>
    <ClCompile Include="Model.cpp">
      <Filter>Classes\Model</Filter>
    </ClCompile>
    <ClCompile Include="Camera.cpp">
      <Filter>Classes\Camera</Filter>
    </ClCompile>
    <ClCompile Include="Engine.cpp">
      <Filter>Classes\Engine</Filter>
    </ClCompile>
    <ClCompile Include="Light.cpp">
      <Filter>Classes\Light</Filter>
    </ClCompile>
    <ClCompile Include="Material.cpp">
      <Filter>Classes\Light</Filter>
    </ClCompile>
    <ClCompile Include="windowInit.cpp">
      <Filter>Classes\Window</Filter>
    </ClCompile>
    <ClCompile Include="Cube.cpp">
      <Filter>Classes\Model\Cube</Filter>
    </ClCompile>
    <ClCompile Include="Pyramid.cpp">
      <Filter>Classes\Model\Pyramid</Filter>
    </ClCompile>
    <ClCompile Include="Plane.cpp">
      <Filter>Classes\Model\Plane</Filter>
    </ClCompile>
    <ClCompile Include="ObjHandler.cpp">
      <Filter>Classes\ObjHandler</Filter>
    </ClCompile>
    <ClCompile Include="Input.cpp">
      <Filter>Classes\Input</Filter>
    </ClCompile>
    <ClCompile Include="DirectXTK\Src\WICTextureLoader.cpp" />
    <ClCompile Include="GameTimer.cpp">
      <Filter>Classes\GameTimer</Filter>
    </ClCompile>
    <ClCompile Include="SkyBox.cpp">
      <Filter>Classes\Skybox</Filter>
    </ClCompile>
    <ClCompile Include="DirectXTK\Src\DDSTextureLoader.cpp" />
    <ClCompile Include="RenderTexture.cpp">
      <Filter>Classes\RenderTexture</Filter>
    </ClCompile>
    <ClCompile Include="ShaderManager.cpp">
      <Filter>Classes\ShaderManager</Filter>
    </ClCompile>
    <ClCompile Include="DynamicCubeMap.cpp">
      <Filter>Classes\Dynamic CubeMap</Filter>
    </ClCompile>
    <ClCompile Include="Terrain.cpp">
      <Filter>Classes\Terrain</Filter>
    </ClCompile>
    <ClCompile Include="QuadTree.cpp">
      <Filter>Classes\QuadTree</Filter>
    </ClCompile>
    <ClCompile Include="Frustum.cpp">
      <Filter>Classes\Frustum</Filter>
    </ClCompile>
    <ClCompile Include="Overlay.cpp">
      <Filter>Classes\Overlay</Filter>
    </ClCompile>
    <ClCompile Include="md5Model.cpp">
      <Filter>Classes\Animation</Filter>
    </ClCompile>
  </ItemGroup>
  <ItemGroup>
    <ClInclude Include="Constants.h">
      <Filter>Headers</Filter>
    </ClInclude>
    <ClInclude Include="DataTypes.h">
      <Filter>Headers</Filter>
    </ClInclude>
    <ClInclude Include="Linker.h">
      <Filter>Headers</Filter>
    </ClInclude>
    <ClInclude Include="Model.h">
      <Filter>Classes\Model</Filter>
    </ClInclude>
    <ClInclude Include="Camera.h">
      <Filter>Classes\Camera</Filter>
    </ClInclude>
    <ClInclude Include="Engine.h">
      <Filter>Classes\Engine</Filter>
    </ClInclude>
    <ClInclude Include="Light.h">
      <Filter>Classes\Light</Filter>
    </ClInclude>
    <ClInclude Include="Material.h">
      <Filter>Classes\Light</Filter>
    </ClInclude>
    <ClInclude Include="windowInit.h">
      <Filter>Classes\Window</Filter>
    </ClInclude>
    <ClInclude Include="Cube.h">
      <Filter>Classes\Model\Cube</Filter>
    </ClInclude>
    <ClInclude Include="Pyramid.h">
      <Filter>Classes\Model\Pyramid</Filter>
    </ClInclude>
    <ClInclude Include="Plane.h">
      <Filter>Classes\Model\Plane</Filter>
    </ClInclude>
    <ClInclude Include="ObjHandler.h">
      <Filter>Classes\ObjHandler</Filter>
    </ClInclude>
    <ClInclude Include="Input.h">
      <Filter>Classes\Input</Filter>
    </ClInclude>
    <ClInclude Include="bth_image.h" />
    <ClInclude Include="DirectXToolkit.h" />
    <ClInclude Include="GameTimer.h">
      <Filter>Classes\GameTimer</Filter>
    </ClInclude>
    <ClInclude Include="SkyBox.h">
      <Filter>Classes\Skybox</Filter>
    </ClInclude>
    <ClInclude Include="RenderTexture.h">
      <Filter>Classes\RenderTexture</Filter>
    </ClInclude>
    <ClInclude Include="ShaderManager.h">
      <Filter>Classes\ShaderManager</Filter>
    </ClInclude>
    <ClInclude Include="DynamicCubeMap.h">
      <Filter>Classes\Dynamic CubeMap</Filter>
    </ClInclude>
    <ClInclude Include="Terrain.h">
      <Filter>Classes\Terrain</Filter>
    </ClInclude>
    <ClInclude Include="QuadTree.h">
      <Filter>Classes\QuadTree</Filter>
    </ClInclude>
    <ClInclude Include="Frustum.h">
      <Filter>Classes\Frustum</Filter>
    </ClInclude>
    <ClInclude Include="Overlay.h">
      <Filter>Classes\Overlay</Filter>
    </ClInclude>
    <ClInclude Include="md5Model.h">
      <Filter>Classes\Animation</Filter>
    </ClInclude>
  </ItemGroup>
  <ItemGroup>
    <Filter Include="Classes">
      <UniqueIdentifier>{d27945d2-7119-4b2f-a4cd-5701ab015c2b}</UniqueIdentifier>
    </Filter>
    <Filter Include="Shaders">
      <UniqueIdentifier>{3a6c2099-8bfa-42a0-bec1-af9e6d7a0ccf}</UniqueIdentifier>
    </Filter>
    <Filter Include="Headers">
      <UniqueIdentifier>{09f4acec-5ec0-4ccd-8c70-f5fdc359a320}</UniqueIdentifier>
    </Filter>
    <Filter Include="Resource">
      <UniqueIdentifier>{8f65f1c2-2632-4f79-9940-df278f533c93}</UniqueIdentifier>
    </Filter>
    <Filter Include="Classes\Camera">
      <UniqueIdentifier>{95a7ad41-e049-47bf-9be8-552904ae5675}</UniqueIdentifier>
    </Filter>
    <Filter Include="Classes\Model">
      <UniqueIdentifier>{bd54e66f-47e9-4ee5-8f23-1a2be192bec2}</UniqueIdentifier>
    </Filter>
    <Filter Include="Classes\Engine">
      <UniqueIdentifier>{830ec384-91be-47d1-9821-b90238c605c9}</UniqueIdentifier>
    </Filter>
    <Filter Include="Classes\Light">
      <UniqueIdentifier>{14bd8916-604b-4a57-9432-92f361e0d90c}</UniqueIdentifier>
    </Filter>
    <Filter Include="Classes\Window">
      <UniqueIdentifier>{25321fef-b073-4319-bcc3-23d2ba057f1e}</UniqueIdentifier>
    </Filter>
    <Filter Include="Classes\Model\Cube">
      <UniqueIdentifier>{f03dc245-27f5-4db7-87eb-772007861b33}</UniqueIdentifier>
    </Filter>
    <Filter Include="Classes\Model\Pyramid">
      <UniqueIdentifier>{1f78ccc0-771d-4c93-94e9-9024cc525827}</UniqueIdentifier>
    </Filter>
    <Filter Include="Classes\Model\Plane">
      <UniqueIdentifier>{28827010-3dc8-4a00-a165-1cee1a79734e}</UniqueIdentifier>
    </Filter>
    <Filter Include="Classes\ObjHandler">
      <UniqueIdentifier>{77851373-3d58-4b6d-b1b4-6e514c363fc4}</UniqueIdentifier>
    </Filter>
    <Filter Include="Classes\Input">
      <UniqueIdentifier>{fdad4170-4393-4b07-bd65-069c842b3910}</UniqueIdentifier>
    </Filter>
    <Filter Include="Shaders\ColorShaders">
      <UniqueIdentifier>{895d92c7-ced5-4e38-944e-242970adc954}</UniqueIdentifier>
    </Filter>
    <Filter Include="Shaders\TextureShaders">
      <UniqueIdentifier>{ddb568a6-ca37-4440-9bbb-dc78daf7349c}</UniqueIdentifier>
    </Filter>
    <Filter Include="Classes\GameTimer">
      <UniqueIdentifier>{e376b9c0-350b-4a04-83fe-4c00a68da4a0}</UniqueIdentifier>
    </Filter>
    <Filter Include="Shaders\SkyBox shaders">
      <UniqueIdentifier>{40847b4a-adb8-40b6-8f01-b229bf63f439}</UniqueIdentifier>
    </Filter>
    <Filter Include="Classes\Skybox">
      <UniqueIdentifier>{751c97b6-1ad9-4940-bc63-dd1ee3cd9557}</UniqueIdentifier>
    </Filter>
    <Filter Include="Classes\RenderTexture">
      <UniqueIdentifier>{da9a61c1-5a42-4bb3-8597-f853120a4e02}</UniqueIdentifier>
    </Filter>
    <Filter Include="Classes\ShaderManager">
      <UniqueIdentifier>{704aec4d-98dc-43d4-8720-9c22d5fbc7bf}</UniqueIdentifier>
    </Filter>
    <Filter Include="Classes\Dynamic CubeMap">
      <UniqueIdentifier>{02671c99-9a5d-49ff-8b56-650208b9e8a4}</UniqueIdentifier>
    </Filter>
    <Filter Include="Shaders\DynamicCubeMap Shaders">
      <UniqueIdentifier>{609bc833-94a6-4f9d-9df4-d61b64bf443f}</UniqueIdentifier>
    </Filter>
    <Filter Include="Classes\Terrain">
      <UniqueIdentifier>{6be43f9b-7f73-4394-9741-848750b56e03}</UniqueIdentifier>
    </Filter>
    <Filter Include="Shaders\TerrainShaders">
      <UniqueIdentifier>{4284a944-05f3-4a50-8ef8-51829377f883}</UniqueIdentifier>
    </Filter>
    <Filter Include="Classes\QuadTree">
      <UniqueIdentifier>{26db1b74-51b4-4950-89a4-991edc82acce}</UniqueIdentifier>
    </Filter>
    <Filter Include="Classes\Frustum">
      <UniqueIdentifier>{635bf7f7-8155-498b-b068-8bd3793a2649}</UniqueIdentifier>
    </Filter>
    <Filter Include="Shaders\Overlay Shaders">
      <UniqueIdentifier>{e6687944-f460-4994-9947-7278f534ca8c}</UniqueIdentifier>
    </Filter>
    <Filter Include="Classes\Overlay">
      <UniqueIdentifier>{517fd448-726a-4acf-9982-cc0ffa7dce17}</UniqueIdentifier>
    </Filter>
    <Filter Include="Classes\Animation">
      <UniqueIdentifier>{efbfa473-0adf-46c6-b484-7f23f4d1bdbb}</UniqueIdentifier>
    </Filter>
    <Filter Include="Shaders\AnimationShaders">
      <UniqueIdentifier>{78480cc2-7c2d-4f67-a868-d653b8775587}</UniqueIdentifier>
    </Filter>
  </ItemGroup>
</Project>